PODS:
  - WAKeyValuePersistenceStore (1.2):
    - WAKeyValuePersistenceStore/Core (= 1.2)
  - WAKeyValuePersistenceStore/Core (1.2)
  - WAKeyValuePersistenceStore/Generics (1.2):
    - WAKeyValuePersistenceStore/Core

DEPENDENCIES:
  - WAKeyValuePersistenceStore (from `../`)
  - WAKeyValuePersistenceStore/Generics (from `../`)

EXTERNAL SOURCES:
  WAKeyValuePersistenceStore:
    :path: "../"

SPEC CHECKSUMS:
  WAKeyValuePersistenceStore: 89e78c087607dfd6115d56996fa829019df5b70b

PODFILE CHECKSUM: 66357fdd4f0d982e2e82e14eb99b4af0dfef5236

COCOAPODS: 1.0.0.beta.2
