PODS:
  - WAKeyValuePersistenceStore (1.0):
    - WAKeyValuePersistenceStore/Core (= 1.0)
    - WAKeyValuePersistenceStore/Generics (= 1.0)
  - WAKeyValuePersistenceStore/Core (1.0)
  - WAKeyValuePersistenceStore/Generics (1.0)

DEPENDENCIES:
  - WAKeyValuePersistenceStore (from `../`)

EXTERNAL SOURCES:
  WAKeyValuePersistenceStore:
    :path: "../"

SPEC CHECKSUMS:
  WAKeyValuePersistenceStore: 6a6d9b22d50e80225f8099739d75503ff87f2505

COCOAPODS: 0.37.1
